{
  "name": "lib",
  "lockfileVersion": 3,
  "requires": true,
  "packages": {
    "": {
      "dependencies": {
        "cldrjs": "^0.5.5",
        "globalize": "^1.7.1"
      }
    },
    "node_modules/cldrjs": {
      "version": "0.5.5",
      "resolved": "https://registry.npmjs.org/cldrjs/-/cldrjs-0.5.5.tgz",
      "integrity": "sha512-KDwzwbmLIPfCgd8JERVDpQKrUUM1U4KpFJJg2IROv89rF172lLufoJnqJ/Wea6fXL5bO6WjuLMzY8V52UWPvkA=="
    },
    "node_modules/globalize": {
      "version": "1.7.1",
      "resolved": "https://registry.npmjs.org/globalize/-/globalize-1.7.1.tgz",
      "integrity": "sha512-PFymRL0PtitFOlSniuwwwNfkooi3cLQJo9Uke1+j1DsGfUkkHkwneImqVtGcqKI0TuzhAlHt7hAcgK324902HA==",
      "license": "MIT",
      "dependencies": {
        "cldrjs": "^0.5.4"
      }
    }
  }
}
